
Microsoft Visual Studio Solution File, Format Version 12.00
Project("{FAE04EC0-301F-11D3-BF4B-00C04F79EFBC}") = "WeChat_AccInfo.dat", "WeChat_AccInfo.dat\WeChat_AccInfo.dat.csproj", "{027CDF84-616E-4FEC-8A35-25047B93E6A5}"
EndProject
Global
	GlobalSection(SolutionConfigurationPlatforms) = preSolution
		Debug|Any CPU = Debug|Any CPU
		Release|Any CPU = Release|Any CPU
	EndGlobalSection
	GlobalSection(ProjectConfigurationPlatforms) = postSolution
		{027CDF84-616E-4FEC-8A35-25047B93E6A5}.Debug|Any CPU.ActiveCfg = Debug|Any CPU
		{027CDF84-616E-4FEC-8A35-25047B93E6A5}.Debug|Any CPU.Build.0 = Debug|Any CPU
		{027CDF84-616E-4FEC-8A35-25047B93E6A5}.Release|Any CPU.ActiveCfg = Release|Any CPU
		{027CDF84-616E-4FEC-8A35-25047B93E6A5}.Release|Any CPU.Build.0 = Release|Any CPU
	EndGlobalSection
EndGlobal
